
Microsoft Visual Studio Solution File, Format Version 12.00
# Visual Studio Version 16
VisualStudioVersion = 16.0.30523.141
MinimumVisualStudioVersion = 10.0.40219.1
Project("{FAE04EC0-301F-11D3-BF4B-00C04F79EFBC}") = "sänkaskepp", "sänkaskepp.csproj", "{AA7754FD-84D9-4E7D-8A00-1DB0B3A39B16}"
EndProject
Global
	GlobalSection(SolutionConfigurationPlatforms) = preSolution
		Debug|Any CPU = Debug|Any CPU
		Release|Any CPU = Release|Any CPU
	EndGlobalSection
	GlobalSection(ProjectConfigurationPlatforms) = postSolution
		{AA7754FD-84D9-4E7D-8A00-1DB0B3A39B16}.Debug|Any CPU.ActiveCfg = Debug|Any CPU
		{AA7754FD-84D9-4E7D-8A00-1DB0B3A39B16}.Debug|Any CPU.Build.0 = Debug|Any CPU
		{AA7754FD-84D9-4E7D-8A00-1DB0B3A39B16}.Release|Any CPU.ActiveCfg = Release|Any CPU
		{AA7754FD-84D9-4E7D-8A00-1DB0B3A39B16}.Release|Any CPU.Build.0 = Release|Any CPU
	EndGlobalSection
	GlobalSection(SolutionProperties) = preSolution
		HideSolutionNode = FALSE
	EndGlobalSection
	GlobalSection(ExtensibilityGlobals) = postSolution
		SolutionGuid = {4C559B3E-0547-4E5E-845E-F7D2430E3C97}
	EndGlobalSection
EndGlobal
